# This file is autogenerated, do not edit; changes may be undone by the next 'dep ensure'.


[[projects]]
  branch = "master"
  name = "github.com/clearmatics/bn256"
  packages = ["."]
  revision = "483e9ef526adb9b76ceeeae119d5352394297cba"

[solve-meta]
  analyzer-name = "dep"
  analyzer-version = 1
  inputs-digest = "df806bb3f4b754179bc0c8b140623d65a8b152f1ec2b97927b43ae8aa6fc30e3"
  solver-name = "gps-cdcl"
  solver-version = 1
